
Microsoft Visual Studio Solution File, Format Version 12.00
# Visual Studio Version 17
VisualStudioVersion = 17.2.32516.85
MinimumVisualStudioVersion = 10.0.40219.1
Project("{FAE04EC0-301F-11D3-BF4B-00C04F79EFBC}") = "PlatformService", "MicroServicesTutorial\PlatformService.csproj", "{CDD5052B-88B9-4718-8E23-092E0C551DDA}"
EndProject
Global
	GlobalSection(SolutionConfigurationPlatforms) = preSolution
		Debug|Any CPU = Debug|Any CPU
		Release|Any CPU = Release|Any CPU
	EndGlobalSection
	GlobalSection(ProjectConfigurationPlatforms) = postSolution
		{CDD5052B-88B9-4718-8E23-092E0C551DDA}.Debug|Any CPU.ActiveCfg = Debug|Any CPU
		{CDD5052B-88B9-4718-8E23-092E0C551DDA}.Debug|Any CPU.Build.0 = Debug|Any CPU
		{CDD5052B-88B9-4718-8E23-092E0C551DDA}.Release|Any CPU.ActiveCfg = Release|Any CPU
		{CDD5052B-88B9-4718-8E23-092E0C551DDA}.Release|Any CPU.Build.0 = Release|Any CPU
	EndGlobalSection
	GlobalSection(SolutionProperties) = preSolution
		HideSolutionNode = FALSE
	EndGlobalSection
	GlobalSection(ExtensibilityGlobals) = postSolution
		SolutionGuid = {A0974BA4-933E-41E7-84B5-C9220F532C9E}
	EndGlobalSection
EndGlobal
